github.com/cheekybits/is v0.0.0-20150225183255-68e9c0620927 h1:SKI1/fuSdodxmNNyVBR8d7X/HuLnRpvvFO0AgyQk764=
github.com/cheekybits/is v0.0.0-20150225183255-68e9c0620927/go.mod h1:h/aW8ynjgkuj+NQRlZcDbAbM1ORAbXjXX77sX7T289U=
github.com/cocoonlife/goalsa v0.0.0-20211008122401-47ec570866e3 h1:cwdUf09+PD5/hle/jb9WHISSCLzQweiUc0sPxfrA6UE=
github.com/cocoonlife/goalsa v0.0.0-20211008122401-47ec570866e3/go.mod h1:5aLO409bJnd+jCw0t/SB/DhHkVBhPAE31lnHJnYQxy0=
github.com/cocoonlife/testify v0.0.0-20160218172820-792cc1faeb64 h1:LjPYdzoFSAJ5Tr/ElL8kzTJghXgpnOjJVbgd1UvZB1o=
github.com/cocoonlife/testify v0.0.0-20160218172820-792cc1faeb64/go.mod h1:LoCAz53rbPcqs8Da2BjB/yDy4gxMtiSQmqnYI/DGH+U=
github.com/cryptix/wav v0.0.0-20180415113528-8bdace674401 h1:rZ+OHHkwlkYALTEd6AYXSL92K/SEc4fkz+TfweIwu6A=
github.com/cryptix/wav v0.0.0-20180415113528-8bdace674401/go.mod h1:knK8fd+KPlGGqSUWogv1DQzGTwnfUvAi0cIoWyOG7+U=
